<?xml version="1.0" encoding="utf-8"?>
<Project ToolsVersion="4.0" xmlns="http://schemas.microsoft.com/developer/msbuild/2003">
  <ItemGroup>
    <Filter Include="Source Files">
      <UniqueIdentifier>{4FC737F1-C7A5-4376-A066-2A32D752A2FF}</UniqueIdentifier>
      <Extensions>cpp;c;cc;cxx;def;odl;idl;hpj;bat;asm;asmx</Extensions>
    </Filter>
    <Filter Include="Header Files">
      <UniqueIdentifier>{93995380-89BD-4b04-88EB-625FBE52EBFB}</UniqueIdentifier>
      <Extensions>h;hh;hpp;hxx;hm;inl;inc;xsd</Extensions>
    </Filter>
    <Filter Include="Resource Files">
      <UniqueIdentifier>{67DA6AB6-F800-4c08-8B7A-83BB121AAD01}</UniqueIdentifier>
      <Extensions>rc;ico;cur;bmp;dlg;rc2;rct;bin;rgs;gif;jpg;jpeg;jpe;resx;tiff;tif;png;wav;mfcribbon-ms</Extensions>
    </Filter>
  </ItemGroup>
  <ItemGroup>
    <ClInclude Include="..\source-archive\dawgdic\trunk\src\dawgdic\base-types.h">
      <Filter>Header Files</Filter>
    </ClInclude>
    <ClInclude Include="..\source-archive\dawgdic\trunk\src\dawgdic\base-unit.h">
      <Filter>Header Files</Filter>
    </ClInclude>
    <ClInclude Include="..\source-archive\dawgdic\trunk\src\dawgdic\bit-pool.h">
      <Filter>Header Files</Filter>
    </ClInclude>
    <ClInclude Include="..\source-archive\dawgdic\trunk\src\dawgdic\completer.h">
      <Filter>Header Files</Filter>
    </ClInclude>
    <ClInclude Include="..\source-archive\dawgdic\trunk\src\dawgdic\dawg.h">
      <Filter>Header Files</Filter>
    </ClInclude>
    <ClInclude Include="..\source-archive\dawgdic\trunk\src\dawgdic\dawg-builder.h">
      <Filter>Header Files</Filter>
    </ClInclude>
    <ClInclude Include="..\source-archive\dawgdic\trunk\src\dawgdic\dawg-unit.h">
      <Filter>Header Files</Filter>
    </ClInclude>
    <ClInclude Include="..\source-archive\dawgdic\trunk\src\dawgdic\dictionary.h">
      <Filter>Header Files</Filter>
    </ClInclude>
    <ClInclude Include="..\source-archive\dawgdic\trunk\src\dawgdic\dictionary-builder.h">
      <Filter>Header Files</Filter>
    </ClInclude>
    <ClInclude Include="..\source-archive\dawgdic\trunk\src\dawgdic\dictionary-extra-unit.h">
      <Filter>Header Files</Filter>
    </ClInclude>
    <ClInclude Include="..\source-archive\dawgdic\trunk\src\dawgdic\dictionary-unit.h">
      <Filter>Header Files</Filter>
    </ClInclude>
    <ClInclude Include="..\source-archive\dawgdic\trunk\src\dawgdic\guide.h">
      <Filter>Header Files</Filter>
    </ClInclude>
    <ClInclude Include="..\source-archive\dawgdic\trunk\src\dawgdic\guide-builder.h">
      <Filter>Header Files</Filter>
    </ClInclude>
    <ClInclude Include="..\source-archive\dawgdic\trunk\src\dawgdic\guide-unit.h">
      <Filter>Header Files</Filter>
    </ClInclude>
    <ClInclude Include="..\source-archive\dawgdic\trunk\src\dawgdic\link-table.h">
      <Filter>Header Files</Filter>
    </ClInclude>
    <ClInclude Include="..\source-archive\dawgdic\trunk\src\dawgdic\object-pool.h">
      <Filter>Header Files</Filter>
    </ClInclude>
    <ClInclude Include="..\source-archive\dawgdic\trunk\src\dawgdic\ranked-completer.h">
      <Filter>Header Files</Filter>
    </ClInclude>
    <ClInclude Include="..\source-archive\dawgdic\trunk\src\dawgdic\ranked-completer-candidate.h">
      <Filter>Header Files</Filter>
    </ClInclude>
    <ClInclude Include="..\source-archive\dawgdic\trunk\src\dawgdic\ranked-completer-node.h">
      <Filter>Header Files</Filter>
    </ClInclude>
    <ClInclude Include="..\source-archive\dawgdic\trunk\src\dawgdic\ranked-guide.h">
      <Filter>Header Files</Filter>
    </ClInclude>
    <ClInclude Include="..\source-archive\dawgdic\trunk\src\dawgdic\ranked-guide-builder.h">
      <Filter>Header Files</Filter>
    </ClInclude>
    <ClInclude Include="..\source-archive\dawgdic\trunk\src\dawgdic\ranked-guide-link.h">
      <Filter>Header Files</Filter>
    </ClInclude>
    <ClInclude Include="..\source-archive\dawgdic\trunk\src\dawgdic\ranked-guide-unit.h">
      <Filter>Header Files</Filter>
    </ClInclude>
  </ItemGroup>
  <ItemGroup>
    <ClCompile Include="..\source-archive\dawgdic\trunk\src\dawgdic-build.cc">
      <Filter>Source Files</Filter>
    </ClCompile>
    <ClCompile Include="..\source-archive\dawgdic\trunk\src\dawgdic-find.cc">
      <Filter>Source Files</Filter>
    </ClCompile>
  </ItemGroup>
</Project>